
Microsoft Visual Studio Solution File, Format Version 12.00
# Visual Studio Version 17
VisualStudioVersion = 17.5.002.0
MinimumVisualStudioVersion = 10.0.40219.1
Project("{9A19103F-16F7-4668-BE54-9A1E7A4F7556}") = "BlazorDeneme", "BlazorDeneme.csproj", "{644435EF-F216-4454-B573-330B2040D5CF}"
EndProject
Global
	GlobalSection(SolutionConfigurationPlatforms) = preSolution
		Debug|Any CPU = Debug|Any CPU
		Release|Any CPU = Release|Any CPU
	EndGlobalSection
	GlobalSection(ProjectConfigurationPlatforms) = postSolution
		{644435EF-F216-4454-B573-330B2040D5CF}.Debug|Any CPU.ActiveCfg = Debug|Any CPU
		{644435EF-F216-4454-B573-330B2040D5CF}.Debug|Any CPU.Build.0 = Debug|Any CPU
		{644435EF-F216-4454-B573-330B2040D5CF}.Release|Any CPU.ActiveCfg = Release|Any CPU
		{644435EF-F216-4454-B573-330B2040D5CF}.Release|Any CPU.Build.0 = Release|Any CPU
	EndGlobalSection
	GlobalSection(SolutionProperties) = preSolution
		HideSolutionNode = FALSE
	EndGlobalSection
	GlobalSection(ExtensibilityGlobals) = postSolution
		SolutionGuid = {0BDA732F-1A38-447C-943F-AE525AB7E596}
	EndGlobalSection
EndGlobal
